// !$*UTF8*$!
{
	archiveVersion = 1;
	classes = {
	};
	objectVersion = 50;
	objects = {

/* Begin PBXBuildFile section */
		ACBD081C236BDA3700E882D6 /* iMessage Sticker Demo StickerPackExtension.appex in Embed App Extensions */ = {isa = PBXBuildFile; fileRef = ACBD081B236BDA3700E882D6 /* iMessage Sticker Demo StickerPackExtension.appex */; settings = {ATTRIBUTES = (RemoveHeadersOnCopy, ); }; };
		ACBD0820236BDA3700E882D6 /* Stickers.xcstickers in Resources */ = {isa = PBXBuildFile; fileRef = ACBD081F236BDA3700E882D6 /* Stickers.xcstickers */; };
		ACBD0821236BDA3700E882D6 /* Stickers.xcstickers in Resources */ = {isa = PBXBuildFile; fileRef = ACBD081F236BDA3700E882D6 /* Stickers.xcstickers */; };
/* End PBXBuildFile section */

/* Begin PBXContainerItemProxy section */
		ACBD081D236BDA3700E882D6 /* PBXContainerItemProxy */ = {
			isa = PBXContainerItemProxy;
			containerPortal = ACBD0811236BDA3700E882D6 /* Project object */;
			proxyType = 1;
			remoteGlobalIDString = ACBD081A236BDA3700E882D6;
			remoteInfo = "iMessage Sticker Demo StickerPackExtension";
		};
/* End PBXContainerItemProxy section */

/* Begin PBXCopyFilesBuildPhase section */
		ACBD0827236BDA3700E882D6 /* Embed App Extensions */ = {
			isa = PBXCopyFilesBuildPhase;
			buildActionMask = 2147483647;
			dstPath = "";
			dstSubfolderSpec = 13;
			files = (
				ACBD081C236BDA3700E882D6 /* iMessage Sticker Demo StickerPackExtension.appex in Embed App Extensions */,
			);
			name = "Embed App Extensions";
			runOnlyForDeploymentPostprocessing = 0;
		};
/* End PBXCopyFilesBuildPhase section */

/* Begin PBXFileReference section */
		ACBD0817236BDA3700E882D6 /* iMessage Sticker Demo.app */ = {isa = PBXFileReference; explicitFileType = wrapper.application; includeInIndex = 0; path = "iMessage Sticker Demo.app"; sourceTree = BUILT_PRODUCTS_DIR; };
		ACBD081B236BDA3700E882D6 /* iMessage Sticker Demo StickerPackExtension.appex */ = {isa = PBXFileReference; explicitFileType = "wrapper.app-extension"; includeInIndex = 0; path = "iMessage Sticker Demo StickerPackExtension.appex"; sourceTree = BUILT_PRODUCTS_DIR; };
		ACBD081F236BDA3700E882D6 /* Stickers.xcstickers */ = {isa = PBXFileReference; lastKnownFileType = folder.stickers; name = Stickers.xcstickers; path = "iMessage Sticker Demo StickerPackExtension/Stickers.xcstickers"; sourceTree = "<group>"; };
/* End PBXFileReference section */

/* Begin PBXGroup section */
		ACBD0810236BDA3700E882D6 = {
			isa = PBXGroup;
			children = (
				ACBD081F236BDA3700E882D6 /* Stickers.xcstickers */,
				ACBD0818236BDA3700E882D6 /* Products */,
			);
			sourceTree = "<group>";
		};
		ACBD0818236BDA3700E882D6 /* Products */ = {
			isa = PBXGroup;
			children = (
				ACBD0817236BDA3700E882D6 /* iMessage Sticker Demo.app */,
				ACBD081B236BDA3700E882D6 /* iMessage Sticker Demo StickerPackExtension.appex */,
			);
			name = Products;
			sourceTree = "<group>";
		};
/* End PBXGroup section */

/* Begin PBXNativeTarget section */
		ACBD0816236BDA3700E882D6 /* iMessage Sticker Demo */ = {
			isa = PBXNativeTarget;
			buildConfigurationList = ACBD0828236BDA3700E882D6 /* Build configuration list for PBXNativeTarget "iMessage Sticker Demo" */;
			buildPhases = (
				ACBD0815236BDA3700E882D6 /* Resources */,
				ACBD0827236BDA3700E882D6 /* Embed App Extensions */,
			);
			buildRules = (
			);
			dependencies = (
				ACBD081E236BDA3700E882D6 /* PBXTargetDependency */,
			);
			name = "iMessage Sticker Demo";
			productName = "iMessage Sticker Demo";
			productReference = ACBD0817236BDA3700E882D6 /* iMessage Sticker Demo.app */;
			productType = "com.apple.product-type.application.messages";
		};
		ACBD081A236BDA3700E882D6 /* iMessage Sticker Demo StickerPackExtension */ = {
			isa = PBXNativeTarget;
			buildConfigurationList = ACBD0824236BDA3700E882D6 /* Build configuration list for PBXNativeTarget "iMessage Sticker Demo StickerPackExtension" */;
			buildPhases = (
				ACBD0819236BDA3700E882D6 /* Resources */,
			);
			buildRules = (
			);
			dependencies = (
			);
			name = "iMessage Sticker Demo StickerPackExtension";
			productName = "iMessage Sticker Demo StickerPackExtension";
			productReference = ACBD081B236BDA3700E882D6 /* iMessage Sticker Demo StickerPackExtension.appex */;
			productType = "com.apple.product-type.app-extension.messages-sticker-pack";
		};
/* End PBXNativeTarget section */

/* Begin PBXProject section */
		ACBD0811236BDA3700E882D6 /* Project object */ = {
			isa = PBXProject;
			attributes = {
				LastUpgradeCheck = 1120;
				ORGANIZATIONNAME = "Digital Mirko";
				TargetAttributes = {
					ACBD0816236BDA3700E882D6 = {
						CreatedOnToolsVersion = 11.2;
					};
					ACBD081A236BDA3700E882D6 = {
						CreatedOnToolsVersion = 11.2;
					};
				};
			};
			buildConfigurationList = ACBD0814236BDA3700E882D6 /* Build configuration list for PBXProject "iMessage Sticker Demo" */;
			compatibilityVersion = "Xcode 9.3";
			developmentRegion = en;
			hasScannedForEncodings = 0;
			knownRegions = (
				en,
				Base,
			);
			mainGroup = ACBD0810236BDA3700E882D6;
			productRefGroup = ACBD0818236BDA3700E882D6 /* Products */;
			projectDirPath = "";
			projectRoot = "";
			targets = (
				ACBD0816236BDA3700E882D6 /* iMessage Sticker Demo */,
				ACBD081A236BDA3700E882D6 /* iMessage Sticker Demo StickerPackExtension */,
			);
		};
/* End PBXProject section */

/* Begin PBXResourcesBuildPhase section */
		ACBD0815236BDA3700E882D6 /* Resources */ = {
			isa = PBXResourcesBuildPhase;
			buildActionMask = 2147483647;
			files = (
				ACBD0821236BDA3700E882D6 /* Stickers.xcstickers in Resources */,
			);
			runOnlyForDeploymentPostprocessing = 0;
		};
		ACBD0819236BDA3700E882D6 /* Resources */ = {
			isa = PBXResourcesBuildPhase;
			buildActionMask = 2147483647;
			files = (
				ACBD0820236BDA3700E882D6 /* Stickers.xcstickers in Resources */,
			);
			runOnlyForDeploymentPostprocessing = 0;
		};
/* End PBXResourcesBuildPhase section */

/* Begin PBXTargetDependency section */
		ACBD081E236BDA3700E882D6 /* PBXTargetDependency */ = {
			isa = PBXTargetDependency;
			target = ACBD081A236BDA3700E882D6 /* iMessage Sticker Demo StickerPackExtension */;
			targetProxy = ACBD081D236BDA3700E882D6 /* PBXContainerItemProxy */;
		};
/* End PBXTargetDependency section */

/* Begin XCBuildConfiguration section */
		ACBD0822236BDA3700E882D6 /* Debug */ = {
			isa = XCBuildConfiguration;
			buildSettings = {
				ALWAYS_SEARCH_USER_PATHS = NO;
				CLANG_ANALYZER_NONNULL = YES;
				CLANG_ANALYZER_NUMBER_OBJECT_CONVERSION = YES_AGGRESSIVE;
				CLANG_CXX_LANGUAGE_STANDARD = "gnu++14";
				CLANG_CXX_LIBRARY = "libc++";
				CLANG_ENABLE_MODULES = YES;
				CLANG_ENABLE_OBJC_ARC = YES;
				CLANG_ENABLE_OBJC_WEAK = YES;
				CLANG_WARN_BLOCK_CAPTURE_AUTORELEASING = YES;
				CLANG_WARN_BOOL_CONVERSION = YES;
				CLANG_WARN_COMMA = YES;
				CLANG_WARN_CONSTANT_CONVERSION = YES;
				CLANG_WARN_DEPRECATED_OBJC_IMPLEMENTATIONS = YES;
				CLANG_WARN_DIRECT_OBJC_ISA_USAGE = YES_ERROR;
				CLANG_WARN_DOCUMENTATION_COMMENTS = YES;
				CLANG_WARN_EMPTY_BODY = YES;
				CLANG_WARN_ENUM_CONVERSION = YES;
				CLANG_WARN_INFINITE_RECURSION = YES;
				CLANG_WARN_INT_CONVERSION = YES;
				CLANG_WARN_NON_LITERAL_NULL_CONVERSION = YES;
				CLANG_WARN_OBJC_IMPLICIT_RETAIN_SELF = YES;
				CLANG_WARN_OBJC_LITERAL_CONVERSION = YES;
				CLANG_WARN_OBJC_ROOT_CLASS = YES_ERROR;
				CLANG_WARN_RANGE_LOOP_ANALYSIS = YES;
				CLANG_WARN_STRICT_PROTOTYPES = YES;
				CLANG_WARN_SUSPICIOUS_MOVE = YES;
				CLANG_WARN_UNGUARDED_AVAILABILITY = YES_AGGRESSIVE;
				CLANG_WARN_UNREACHABLE_CODE = YES;
				CLANG_WARN__DUPLICATE_METHOD_MATCH = YES;
				COPY_PHASE_STRIP = NO;
				DEBUG_INFORMATION_FORMAT = dwarf;
				ENABLE_STRICT_OBJC_MSGSEND = YES;
				ENABLE_TESTABILITY = YES;
				GCC_C_LANGUAGE_STANDARD = gnu11;
				GCC_DYNAMIC_NO_PIC = NO;
				GCC_NO_COMMON_BLOCKS = YES;
				GCC_OPTIMIZATION_LEVEL = 0;
				GCC_PREPROCESSOR_DEFINITIONS = (
					"DEBUG=1",
					"$(inherited)",
				);
				GCC_WARN_64_TO_32_BIT_CONVERSION = YES;
				GCC_WARN_ABOUT_RETURN_TYPE = YES_ERROR;
				GCC_WARN_UNDECLARED_SELECTOR = YES;
				GCC_WARN_UNINITIALIZED_AUTOS = YES_AGGRESSIVE;
				GCC_WARN_UNUSED_FUNCTION = YES;
				GCC_WARN_UNUSED_VARIABLE = YES;
				IPHONEOS_DEPLOYMENT_TARGET = 13.2;
				MTL_ENABLE_DEBUG_INFO = INCLUDE_SOURCE;
				MTL_FAST_MATH = YES;
				ONLY_ACTIVE_ARCH = YES;
				SDKROOT = iphoneos;
			};
			name = Debug;
		};
		ACBD0823236BDA3700E882D6 /* Release */ = {
			isa = XCBuildConfiguration;
			buildSettings = {
				ALWAYS_SEARCH_USER_PATHS = NO;
				CLANG_ANALYZER_NONNULL = YES;
				CLANG_ANALYZER_NUMBER_OBJECT_CONVERSION = YES_AGGRESSIVE;
				CLANG_CXX_LANGUAGE_STANDARD = "gnu++14";
				CLANG_CXX_LIBRARY = "libc++";
				CLANG_ENABLE_MODULES = YES;
				CLANG_ENABLE_OBJC_ARC = YES;
				CLANG_ENABLE_OBJC_WEAK = YES;
				CLANG_WARN_BLOCK_CAPTURE_AUTORELEASING = YES;
				CLANG_WARN_BOOL_CONVERSION = YES;
				CLANG_WARN_COMMA = YES;
				CLANG_WARN_CONSTANT_CONVERSION = YES;
				CLANG_WARN_DEPRECATED_OBJC_IMPLEMENTATIONS = YES;
				CLANG_WARN_DIRECT_OBJC_ISA_USAGE = YES_ERROR;
				CLANG_WARN_DOCUMENTATION_COMMENTS = YES;
				CLANG_WARN_EMPTY_BODY = YES;
				CLANG_WARN_ENUM_CONVERSION = YES;
				CLANG_WARN_INFINITE_RECURSION = YES;
				CLANG_WARN_INT_CONVERSION = YES;
				CLANG_WARN_NON_LITERAL_NULL_CONVERSION = YES;
				CLANG_WARN_OBJC_IMPLICIT_RETAIN_SELF = YES;
				CLANG_WARN_OBJC_LITERAL_CONVERSION = YES;
				CLANG_WARN_OBJC_ROOT_CLASS = YES_ERROR;
				CLANG_WARN_RANGE_LOOP_ANALYSIS = YES;
				CLANG_WARN_STRICT_PROTOTYPES = YES;
				CLANG_WARN_SUSPICIOUS_MOVE = YES;
				CLANG_WARN_UNGUARDED_AVAILABILITY = YES_AGGRESSIVE;
				CLANG_WARN_UNREACHABLE_CODE = YES;
				CLANG_WARN__DUPLICATE_METHOD_MATCH = YES;
				COPY_PHASE_STRIP = NO;
				DEBUG_INFORMATION_FORMAT = "dwarf-with-dsym";
				ENABLE_NS_ASSERTIONS = NO;
				ENABLE_STRICT_OBJC_MSGSEND = YES;
				GCC_C_LANGUAGE_STANDARD = gnu11;
				GCC_NO_COMMON_BLOCKS = YES;
				GCC_WARN_64_TO_32_BIT_CONVERSION = YES;
				GCC_WARN_ABOUT_RETURN_TYPE = YES_ERROR;
				GCC_WARN_UNDECLARED_SELECTOR = YES;
				GCC_WARN_UNINITIALIZED_AUTOS = YES_AGGRESSIVE;
				GCC_WARN_UNUSED_FUNCTION = YES;
				GCC_WARN_UNUSED_VARIABLE = YES;
				IPHONEOS_DEPLOYMENT_TARGET = 13.2;
				MTL_ENABLE_DEBUG_INFO = NO;
				MTL_FAST_MATH = YES;
				SDKROOT = iphoneos;
				VALIDATE_PRODUCT = YES;
			};
			name = Release;
		};
		ACBD0825236BDA3700E882D6 /* Debug */ = {
			isa = XCBuildConfiguration;
			buildSettings = {
				ASSETCATALOG_COMPILER_APPICON_NAME = "iMessage App Icon";
				CODE_SIGN_STYLE = Automatic;
				DEVELOPMENT_TEAM = EQNJ9FG9YA;
				INFOPLIST_FILE = "iMessage Sticker Demo StickerPackExtension/Info.plist";
				IPHONEOS_DEPLOYMENT_TARGET = 10.0;
				PRODUCT_BUNDLE_IDENTIFIER = "com.digitalmirko.iMessage-Sticker-Demo.StickerPackExtension";
				PRODUCT_NAME = "$(TARGET_NAME)";
				SKIP_INSTALL = YES;
				TARGETED_DEVICE_FAMILY = "1,2";
			};
			name = Debug;
		};
		ACBD0826236BDA3700E882D6 /* Release */ = {
			isa = XCBuildConfiguration;
			buildSettings = {
				ASSETCATALOG_COMPILER_APPICON_NAME = "iMessage App Icon";
				CODE_SIGN_STYLE = Automatic;
				DEVELOPMENT_TEAM = EQNJ9FG9YA;
				INFOPLIST_FILE = "iMessage Sticker Demo StickerPackExtension/Info.plist";
				IPHONEOS_DEPLOYMENT_TARGET = 10.0;
				PRODUCT_BUNDLE_IDENTIFIER = "com.digitalmirko.iMessage-Sticker-Demo.StickerPackExtension";
				PRODUCT_NAME = "$(TARGET_NAME)";
				SKIP_INSTALL = YES;
				TARGETED_DEVICE_FAMILY = "1,2";
			};
			name = Release;
		};
		ACBD0829236BDA3700E882D6 /* Debug */ = {
			isa = XCBuildConfiguration;
			buildSettings = {
				ASSETCATALOG_COMPILER_APPICON_NAME = "iMessage App Icon";
				CODE_SIGN_STYLE = Automatic;
				DEVELOPMENT_TEAM = EQNJ9FG9YA;
				INFOPLIST_FILE = "iMessage Sticker Demo/Info.plist";
				IPHONEOS_DEPLOYMENT_TARGET = 10.0;
				PRODUCT_BUNDLE_IDENTIFIER = "com.digitalmirko.iMessage-Sticker-Demo";
				PRODUCT_NAME = "$(TARGET_NAME)";
				TARGETED_DEVICE_FAMILY = "1,2";
			};
			name = Debug;
		};
		ACBD082A236BDA3700E882D6 /* Release */ = {
			isa = XCBuildConfiguration;
			buildSettings = {
				ASSETCATALOG_COMPILER_APPICON_NAME = "iMessage App Icon";
				CODE_SIGN_STYLE = Automatic;
				DEVELOPMENT_TEAM = EQNJ9FG9YA;
				INFOPLIST_FILE = "iMessage Sticker Demo/Info.plist";
				IPHONEOS_DEPLOYMENT_TARGET = 10.0;
				PRODUCT_BUNDLE_IDENTIFIER = "com.digitalmirko.iMessage-Sticker-Demo";
				PRODUCT_NAME = "$(TARGET_NAME)";
				TARGETED_DEVICE_FAMILY = "1,2";
			};
			name = Release;
		};
/* End XCBuildConfiguration section */

/* Begin XCConfigurationList section */
		ACBD0814236BDA3700E882D6 /* Build configuration list for PBXProject "iMessage Sticker Demo" */ = {
			isa = XCConfigurationList;
			buildConfigurations = (
				ACBD0822236BDA3700E882D6 /* Debug */,
				ACBD0823236BDA3700E882D6 /* Release */,
			);
			defaultConfigurationIsVisible = 0;
			defaultConfigurationName = Release;
		};
		ACBD0824236BDA3700E882D6 /* Build configuration list for PBXNativeTarget "iMessage Sticker Demo StickerPackExtension" */ = {
			isa = XCConfigurationList;
			buildConfigurations = (
				ACBD0825236BDA3700E882D6 /* Debug */,
				ACBD0826236BDA3700E882D6 /* Release */,
			);
			defaultConfigurationIsVisible = 0;
			defaultConfigurationName = Release;
		};
		ACBD0828236BDA3700E882D6 /* Build configuration list for PBXNativeTarget "iMessage Sticker Demo" */ = {
			isa = XCConfigurationList;
			buildConfigurations = (
				ACBD0829236BDA3700E882D6 /* Debug */,
				ACBD082A236BDA3700E882D6 /* Release */,
			);
			defaultConfigurationIsVisible = 0;
			defaultConfigurationName = Release;
		};
/* End XCConfigurationList section */
	};
	rootObject = ACBD0811236BDA3700E882D6 /* Project object */;
}
